
Microsoft Visual Studio Solution File, Format Version 12.00
# Visual Studio Version 17
VisualStudioVersion = 17.3.32811.315
MinimumVisualStudioVersion = 10.0.40219.1
Project("{FAE04EC0-301F-11D3-BF4B-00C04F79EFBC}") = "ConsoleApp1", "ConsoleApp1\ConsoleApp1.csproj", "{56269936-F5E6-4529-9ACF-75AEA63A645B}"
EndProject
Global
	GlobalSection(SolutionConfigurationPlatforms) = preSolution
		Debug|Any CPU = Debug|Any CPU
		Release|Any CPU = Release|Any CPU
	EndGlobalSection
	GlobalSection(ProjectConfigurationPlatforms) = postSolution
		{56269936-F5E6-4529-9ACF-75AEA63A645B}.Debug|Any CPU.ActiveCfg = Debug|Any CPU
		{56269936-F5E6-4529-9ACF-75AEA63A645B}.Debug|Any CPU.Build.0 = Debug|Any CPU
		{56269936-F5E6-4529-9ACF-75AEA63A645B}.Release|Any CPU.ActiveCfg = Release|Any CPU
		{56269936-F5E6-4529-9ACF-75AEA63A645B}.Release|Any CPU.Build.0 = Release|Any CPU
	EndGlobalSection
	GlobalSection(SolutionProperties) = preSolution
		HideSolutionNode = FALSE
	EndGlobalSection
	GlobalSection(ExtensibilityGlobals) = postSolution
		SolutionGuid = {F8A3A87D-45D0-4E2F-816C-526FA7CA4C7D}
	EndGlobalSection
EndGlobal
